{
  "name": "Fonttest",
  "lockfileVersion": 3,
  "requires": true,
  "packages": {
    "": {
      "dependencies": {
        "@navikt/aksel-icons": "7.25",
        "@navikt/ds-css": "7.25",
        "@navikt/ds-react": "7.25",
        "@navikt/ds-tokens": "7.25"
      }
    },
    "node_modules/@date-fns/tz": {
      "version": "1.2.0",
      "resolved": "https://registry.npmjs.org/@date-fns/tz/-/tz-1.2.0.tgz",
      "integrity": "sha512-LBrd7MiJZ9McsOgxqWX7AaxrDjcFVjWH/tIKJd7pnR7McaslGYOP1QmmiBXdJH/H/yLCT+rcQ7FaPBUxRGUtrg==",
      "license": "MIT"
    },
    "node_modules/@floating-ui/core": {
      "version": "1.7.3",
      "resolved": "https://registry.npmjs.org/@floating-ui/core/-/core-1.7.3.tgz",
      "integrity": "sha512-sGnvb5dmrJaKEZ+LDIpguvdX3bDlEllmv4/ClQ9awcmCZrlx5jQyyMWFM5kBI+EyNOCDDiKk8il0zeuX3Zlg/w==",
      "license": "MIT",
      "dependencies": {
        "@floating-ui/utils": "^0.2.10"
      }
    },
    "node_modules/@floating-ui/dom": {
      "version": "1.7.4",
      "resolved": "https://registry.npmjs.org/@floating-ui/dom/-/dom-1.7.4.tgz",
      "integrity": "sha512-OOchDgh4F2CchOX94cRVqhvy7b3AFb+/rQXyswmzmGakRfkMgoWVjfnLWkRirfLEfuD4ysVW16eXzwt3jHIzKA==",
      "license": "MIT",
      "dependencies": {
        "@floating-ui/core": "^1.7.3",
        "@floating-ui/utils": "^0.2.10"
      }
    },
    "node_modules/@floating-ui/react": {
      "version": "0.27.8",
      "resolved": "https://registry.npmjs.org/@floating-ui/react/-/react-0.27.8.tgz",
      "integrity": "sha512-EQJ4Th328y2wyHR3KzOUOoTW2UKjFk53fmyahfwExnFQ8vnsMYqKc+fFPOkeYtj5tcp1DUMiNJ7BFhed7e9ONw==",
      "license": "MIT",
      "dependencies": {
        "@floating-ui/react-dom": "^2.1.2",
        "@floating-ui/utils": "^0.2.9",
        "tabbable": "^6.0.0"
      },
      "peerDependencies": {
        "react": ">=17.0.0",
        "react-dom": ">=17.0.0"
      }
    },
    "node_modules/@floating-ui/react-dom": {
      "version": "2.1.6",
      "resolved": "https://registry.npmjs.org/@floating-ui/react-dom/-/react-dom-2.1.6.tgz",
      "integrity": "sha512-4JX6rEatQEvlmgU80wZyq9RT96HZJa88q8hp0pBd+LrczeDI4o6uA2M+uvxngVHo4Ihr8uibXxH6+70zhAFrVw==",
      "license": "MIT",
      "dependencies": {
        "@floating-ui/dom": "^1.7.4"
      },
      "peerDependencies": {
        "react": ">=16.8.0",
        "react-dom": ">=16.8.0"
      }
    },
    "node_modules/@floating-ui/utils": {
      "version": "0.2.10",
      "resolved": "https://registry.npmjs.org/@floating-ui/utils/-/utils-0.2.10.tgz",
      "integrity": "sha512-aGTxbpbg8/b5JfU1HXSrbH3wXZuLPJcNEcZQFMxLs3oSzgtVu6nFPkbbGGUvBcUjKV2YyB9Wxxabo+HEH9tcRQ==",
      "license": "MIT"
    },
    "node_modules/@navikt/aksel-icons": {
      "version": "7.25.2",
      "resolved": "https://registry.npmjs.org/@navikt/aksel-icons/-/aksel-icons-7.25.2.tgz",
      "integrity": "sha512-R0JkmgqP7Vg9Kn2FQ7AzDWNSid8eG3x+9xRTC4uxtQxu6nyclbBQN+Rc4JpG60j/AbQJrn9aP4aHcCdchLaWLQ==",
      "license": "MIT"
    },
    "node_modules/@navikt/ds-css": {
      "version": "7.25.2",
      "resolved": "https://registry.npmjs.org/@navikt/ds-css/-/ds-css-7.25.2.tgz",
      "integrity": "sha512-+ZDIZHFCIFCtN/zoo0XSqDnCgT1W2tLxCOalnxv+wYr1lE1c2Kd3G95TskrI2/cCuKc8gRLyM2D3hgMGqs1vHQ==",
      "license": "MIT"
    },
    "node_modules/@navikt/ds-react": {
      "version": "7.25.2",
      "resolved": "https://registry.npmjs.org/@navikt/ds-react/-/ds-react-7.25.2.tgz",
      "integrity": "sha512-TMAob+PzCaWwQaRe8clCKdG7Rv0YQnEh4H914LbTqcVLVpOi8W0p8Nglc10Bf8OjwdhVWSr2Pt7Puum1ELvkiA==",
      "license": "MIT",
      "dependencies": {
        "@floating-ui/react": "0.27.8",
        "@floating-ui/react-dom": "^2.0.9",
        "@navikt/aksel-icons": "^7.25.2",
        "@navikt/ds-tokens": "^7.25.2",
        "clsx": "^2.1.0",
        "date-fns": "^4.0.0",
        "react-day-picker": "9.7.0"
      },
      "peerDependencies": {
        "@types/react": ">=17.0.30",
        "react": ">=17.0.0 || >19.0.0-rc"
      },
      "peerDependenciesMeta": {
        "@types/react": {
          "optional": true
        }
      }
    },
    "node_modules/@navikt/ds-tokens": {
      "version": "7.25.2",
      "resolved": "https://registry.npmjs.org/@navikt/ds-tokens/-/ds-tokens-7.25.2.tgz",
      "integrity": "sha512-eoQ4DTQA47edQ1GZhhA80lnXs5PLFmEX3ychgCTlk5TvCTfH+GnDXsvIO3Ka6z8VzwbBF6AILbibZOIBgPbrmA==",
      "license": "MIT"
    },
    "node_modules/clsx": {
      "version": "2.1.1",
      "resolved": "https://registry.npmjs.org/clsx/-/clsx-2.1.1.tgz",
      "integrity": "sha512-eYm0QWBtUrBWZWG0d386OGAw16Z995PiOVo2B7bjWSbHedGl5e0ZWaq65kOGgUSNesEIDkB9ISbTg/JK9dhCZA==",
      "license": "MIT",
      "engines": {
        "node": ">=6"
      }
    },
    "node_modules/date-fns": {
      "version": "4.1.0",
      "resolved": "https://registry.npmjs.org/date-fns/-/date-fns-4.1.0.tgz",
      "integrity": "sha512-Ukq0owbQXxa/U3EGtsdVBkR1w7KOQ5gIBqdH2hkvknzZPYvBxb/aa6E8L7tmjFtkwZBu3UXBbjIgPo/Ez4xaNg==",
      "license": "MIT",
      "funding": {
        "type": "github",
        "url": "https://github.com/sponsors/kossnocorp"
      }
    },
    "node_modules/date-fns-jalali": {
      "version": "4.1.0-0",
      "resolved": "https://registry.npmjs.org/date-fns-jalali/-/date-fns-jalali-4.1.0-0.tgz",
      "integrity": "sha512-hTIP/z+t+qKwBDcmmsnmjWTduxCg+5KfdqWQvb2X/8C9+knYY6epN/pfxdDuyVlSVeFz0sM5eEfwIUQ70U4ckg==",
      "license": "MIT"
    },
    "node_modules/react": {
      "version": "19.1.1",
      "resolved": "https://registry.npmjs.org/react/-/react-19.1.1.tgz",
      "integrity": "sha512-w8nqGImo45dmMIfljjMwOGtbmC/mk4CMYhWIicdSflH91J9TyCyczcPFXJzrZ/ZXcgGRFeP6BU0BEJTw6tZdfQ==",
      "license": "MIT",
      "peer": true,
      "engines": {
        "node": ">=0.10.0"
      }
    },
    "node_modules/react-day-picker": {
      "version": "9.7.0",
      "resolved": "https://registry.npmjs.org/react-day-picker/-/react-day-picker-9.7.0.tgz",
      "integrity": "sha512-urlK4C9XJZVpQ81tmVgd2O7lZ0VQldZeHzNejbwLWZSkzHH498KnArT0EHNfKBOWwKc935iMLGZdxXPRISzUxQ==",
      "license": "MIT",
      "dependencies": {
        "@date-fns/tz": "1.2.0",
        "date-fns": "4.1.0",
        "date-fns-jalali": "4.1.0-0"
      },
      "engines": {
        "node": ">=18"
      },
      "funding": {
        "type": "individual",
        "url": "https://github.com/sponsors/gpbl"
      },
      "peerDependencies": {
        "react": ">=16.8.0"
      }
    },
    "node_modules/react-dom": {
      "version": "19.1.1",
      "resolved": "https://registry.npmjs.org/react-dom/-/react-dom-19.1.1.tgz",
      "integrity": "sha512-Dlq/5LAZgF0Gaz6yiqZCf6VCcZs1ghAJyrsu84Q/GT0gV+mCxbfmKNoGRKBYMJ8IEdGPqu49YWXD02GCknEDkw==",
      "license": "MIT",
      "peer": true,
      "dependencies": {
        "scheduler": "^0.26.0"
      },
      "peerDependencies": {
        "react": "^19.1.1"
      }
    },
    "node_modules/scheduler": {
      "version": "0.26.0",
      "resolved": "https://registry.npmjs.org/scheduler/-/scheduler-0.26.0.tgz",
      "integrity": "sha512-NlHwttCI/l5gCPR3D1nNXtWABUmBwvZpEQiD4IXSbIDq8BzLIK/7Ir5gTFSGZDUu37K5cMNp0hFtzO38sC7gWA==",
      "license": "MIT",
      "peer": true
    },
    "node_modules/tabbable": {
      "version": "6.2.0",
      "resolved": "https://registry.npmjs.org/tabbable/-/tabbable-6.2.0.tgz",
      "integrity": "sha512-Cat63mxsVJlzYvN51JmVXIgNoUokrIaT2zLclCXjRd8boZ0004U4KCs/sToJ75C6sdlByWxpYnb5Boif1VSFew==",
      "license": "MIT"
    }
  }
}
